// !$*UTF8*$!
{
	archiveVersion = 1;
	classes = {
	};
	objectVersion = 56;
	objects = {

/* Begin PBXBuildFile section */
		D11A8D722AF425E500FB4F02 /* SalesTrackerApp.swift in Sources */ = {isa = PBXBuildFile; fileRef = D11A8D712AF425E500FB4F02 /* SalesTrackerApp.swift */; };
		D11A8D742AF425E500FB4F02 /* ContentView.swift in Sources */ = {isa = PBXBuildFile; fileRef = D11A8D732AF425E500FB4F02 /* ContentView.swift */; };
		D11A8D792AF425E700FB4F02 /* Preview Assets.xcassets in Resources */ = {isa = PBXBuildFile; fileRef = D11A8D782AF425E700FB4F02 /* Preview Assets.xcassets */; };
		D11A8D822AF42ADB00FB4F02 /* Product.swift in Sources */ = {isa = PBXBuildFile; fileRef = D11A8D812AF42ADB00FB4F02 /* Product.swift */; };
		D11A8D842AF4470F00FB4F02 /* NewProductView.swift in Sources */ = {isa = PBXBuildFile; fileRef = D11A8D832AF4470F00FB4F02 /* NewProductView.swift */; };
		D11A8D862AF4476E00FB4F02 /* SalesModel.swift in Sources */ = {isa = PBXBuildFile; fileRef = D11A8D852AF4476E00FB4F02 /* SalesModel.swift */; };
		D11A8D892AF4507700FB4F02 /* ColorPicker.swift in Sources */ = {isa = PBXBuildFile; fileRef = D11A8D882AF4507700FB4F02 /* ColorPicker.swift */; };
		D13406522AF9C60C00088132 /* ProductDetailView.swift in Sources */ = {isa = PBXBuildFile; fileRef = D13406512AF9C60C00088132 /* ProductDetailView.swift */; };
		D13406542AF9CB8C00088132 /* RatingVisualizer.swift in Sources */ = {isa = PBXBuildFile; fileRef = D13406532AF9CB8C00088132 /* RatingVisualizer.swift */; };
		D13C2A3D2AF91A2300AB8E71 /* Localizable.strings in Resources */ = {isa = PBXBuildFile; fileRef = D13C2A3F2AF91A2300AB8E71 /* Localizable.strings */; };
		D1610EA42AF7494500C99235 /* assets.xcassets in Resources */ = {isa = PBXBuildFile; fileRef = D1610EA32AF7494500C99235 /* assets.xcassets */; };
		D174F4AB2B0B27BF0010CAE9 /* EmailValidationTests.swift in Sources */ = {isa = PBXBuildFile; fileRef = D174F4AA2B0B27BF0010CAE9 /* EmailValidationTests.swift */; };
		D174F4AD2B0B27E00010CAE9 /* EmailValidator.swift in Sources */ = {isa = PBXBuildFile; fileRef = D174F4AC2B0B27E00010CAE9 /* EmailValidator.swift */; };
		D1799A782B0ADF4D004BF6CA /* ProductsTab.swift in Sources */ = {isa = PBXBuildFile; fileRef = D1799A772B0ADF4D004BF6CA /* ProductsTab.swift */; };
		D1799A7A2B0AE13F004BF6CA /* AccountTab.swift in Sources */ = {isa = PBXBuildFile; fileRef = D1799A792B0AE13F004BF6CA /* AccountTab.swift */; };
		D1799A7C2B0AE154004BF6CA /* AccountManager.swift in Sources */ = {isa = PBXBuildFile; fileRef = D1799A7B2B0AE154004BF6CA /* AccountManager.swift */; };
		D18F50D42B0AE86200612686 /* LoginTab.swift in Sources */ = {isa = PBXBuildFile; fileRef = D18F50D32B0AE86200612686 /* LoginTab.swift */; };
		D193A5642B06E9D600DBB665 /* AppNavigation.swift in Sources */ = {isa = PBXBuildFile; fileRef = D193A5632B06E9D600DBB665 /* AppNavigation.swift */; };
		D1A2CD762AF6BB3A0061BDAE /* SampleProducts.swift in Sources */ = {isa = PBXBuildFile; fileRef = D1A2CD752AF6BB3A0061BDAE /* SampleProducts.swift */; };
		D1A2CD782AF6BBC20061BDAE /* ProductsList.swift in Sources */ = {isa = PBXBuildFile; fileRef = D1A2CD772AF6BBC20061BDAE /* ProductsList.swift */; };
		D1A352F22B013F8600A72AB5 /* AuthenticationHandler.swift in Sources */ = {isa = PBXBuildFile; fileRef = D1A352F12B013F8600A72AB5 /* AuthenticationHandler.swift */; };
		D1C414592B00773600D4AA26 /* GoogleService-Info.plist in Resources */ = {isa = PBXBuildFile; fileRef = D1C414582B00773600D4AA26 /* GoogleService-Info.plist */; };
		D1C4145C2B00789500D4AA26 /* FirebaseAuth in Frameworks */ = {isa = PBXBuildFile; productRef = D1C4145B2B00789500D4AA26 /* FirebaseAuth */; };
		D1C4145E2B00789500D4AA26 /* FirebaseFirestore in Frameworks */ = {isa = PBXBuildFile; productRef = D1C4145D2B00789500D4AA26 /* FirebaseFirestore */; };
		D1C414602B00789500D4AA26 /* FirebaseFirestoreSwift in Frameworks */ = {isa = PBXBuildFile; productRef = D1C4145F2B00789500D4AA26 /* FirebaseFirestoreSwift */; };
		D1C414622B00789500D4AA26 /* FirebaseStorage in Frameworks */ = {isa = PBXBuildFile; productRef = D1C414612B00789500D4AA26 /* FirebaseStorage */; };
		D1C414652B007B7200D4AA26 /* LoginView.swift in Sources */ = {isa = PBXBuildFile; fileRef = D1C414642B007B7200D4AA26 /* LoginView.swift */; };
		D1C414682B007E4700D4AA26 /* RoundedGroupTextFieldStyle.swift in Sources */ = {isa = PBXBuildFile; fileRef = D1C414672B007E4700D4AA26 /* RoundedGroupTextFieldStyle.swift */; };
		D1CA6E6D2AF8024800D73C09 /* ActionReponse.swift in Sources */ = {isa = PBXBuildFile; fileRef = D1CA6E6C2AF8024800D73C09 /* ActionReponse.swift */; };
		D1CA6E7B2AF806C100D73C09 /* SalesTrackerTests.swift in Sources */ = {isa = PBXBuildFile; fileRef = D1CA6E7A2AF806C100D73C09 /* SalesTrackerTests.swift */; };
		D1FC646D2B058FF300A20757 /* AuthenticationFields.swift in Sources */ = {isa = PBXBuildFile; fileRef = D1FC646C2B058FF300A20757 /* AuthenticationFields.swift */; };
/* End PBXBuildFile section */

/* Begin PBXContainerItemProxy section */
		D1CA6E7C2AF806C100D73C09 /* PBXContainerItemProxy */ = {
			isa = PBXContainerItemProxy;
			containerPortal = D11A8D662AF425E500FB4F02 /* Project object */;
			proxyType = 1;
			remoteGlobalIDString = D11A8D6D2AF425E500FB4F02;
			remoteInfo = SalesTracker;
		};
/* End PBXContainerItemProxy section */

/* Begin PBXFileReference section */
		D11A8D6E2AF425E500FB4F02 /* SalesTracker.app */ = {isa = PBXFileReference; explicitFileType = wrapper.application; includeInIndex = 0; path = SalesTracker.app; sourceTree = BUILT_PRODUCTS_DIR; };
		D11A8D712AF425E500FB4F02 /* SalesTrackerApp.swift */ = {isa = PBXFileReference; lastKnownFileType = sourcecode.swift; path = SalesTrackerApp.swift; sourceTree = "<group>"; };
		D11A8D732AF425E500FB4F02 /* ContentView.swift */ = {isa = PBXFileReference; lastKnownFileType = sourcecode.swift; path = ContentView.swift; sourceTree = "<group>"; };
		D11A8D782AF425E700FB4F02 /* Preview Assets.xcassets */ = {isa = PBXFileReference; lastKnownFileType = folder.assetcatalog; path = "Preview Assets.xcassets"; sourceTree = "<group>"; };
		D11A8D812AF42ADB00FB4F02 /* Product.swift */ = {isa = PBXFileReference; lastKnownFileType = sourcecode.swift; path = Product.swift; sourceTree = "<group>"; };
		D11A8D832AF4470F00FB4F02 /* NewProductView.swift */ = {isa = PBXFileReference; lastKnownFileType = sourcecode.swift; path = NewProductView.swift; sourceTree = "<group>"; };
		D11A8D852AF4476E00FB4F02 /* SalesModel.swift */ = {isa = PBXFileReference; lastKnownFileType = sourcecode.swift; path = SalesModel.swift; sourceTree = "<group>"; };
		D11A8D882AF4507700FB4F02 /* ColorPicker.swift */ = {isa = PBXFileReference; lastKnownFileType = sourcecode.swift; path = ColorPicker.swift; sourceTree = "<group>"; };
		D13406512AF9C60C00088132 /* ProductDetailView.swift */ = {isa = PBXFileReference; lastKnownFileType = sourcecode.swift; path = ProductDetailView.swift; sourceTree = "<group>"; };
		D13406532AF9CB8C00088132 /* RatingVisualizer.swift */ = {isa = PBXFileReference; lastKnownFileType = sourcecode.swift; path = RatingVisualizer.swift; sourceTree = "<group>"; };
		D13C2A3E2AF91A2300AB8E71 /* en */ = {isa = PBXFileReference; lastKnownFileType = text.plist.strings; name = en; path = en.lproj/Localizable.strings; sourceTree = "<group>"; };
		D13C2A402AF91A4300AB8E71 /* es */ = {isa = PBXFileReference; lastKnownFileType = text.plist.strings; name = es; path = es.lproj/Localizable.strings; sourceTree = "<group>"; };
		D1610EA32AF7494500C99235 /* assets.xcassets */ = {isa = PBXFileReference; lastKnownFileType = folder.assetcatalog; path = assets.xcassets; sourceTree = "<group>"; };
		D174F4AA2B0B27BF0010CAE9 /* EmailValidationTests.swift */ = {isa = PBXFileReference; lastKnownFileType = sourcecode.swift; path = EmailValidationTests.swift; sourceTree = "<group>"; };
		D174F4AC2B0B27E00010CAE9 /* EmailValidator.swift */ = {isa = PBXFileReference; lastKnownFileType = sourcecode.swift; path = EmailValidator.swift; sourceTree = "<group>"; };
		D1799A772B0ADF4D004BF6CA /* ProductsTab.swift */ = {isa = PBXFileReference; lastKnownFileType = sourcecode.swift; path = ProductsTab.swift; sourceTree = "<group>"; };
		D1799A792B0AE13F004BF6CA /* AccountTab.swift */ = {isa = PBXFileReference; lastKnownFileType = sourcecode.swift; path = AccountTab.swift; sourceTree = "<group>"; };
		D1799A7B2B0AE154004BF6CA /* AccountManager.swift */ = {isa = PBXFileReference; lastKnownFileType = sourcecode.swift; path = AccountManager.swift; sourceTree = "<group>"; };
		D18F50D32B0AE86200612686 /* LoginTab.swift */ = {isa = PBXFileReference; fileEncoding = 4; lastKnownFileType = sourcecode.swift; path = LoginTab.swift; sourceTree = "<group>"; };
		D193A5632B06E9D600DBB665 /* AppNavigation.swift */ = {isa = PBXFileReference; lastKnownFileType = sourcecode.swift; path = AppNavigation.swift; sourceTree = "<group>"; };
		D1A2CD752AF6BB3A0061BDAE /* SampleProducts.swift */ = {isa = PBXFileReference; lastKnownFileType = sourcecode.swift; path = SampleProducts.swift; sourceTree = "<group>"; };
		D1A2CD772AF6BBC20061BDAE /* ProductsList.swift */ = {isa = PBXFileReference; lastKnownFileType = sourcecode.swift; path = ProductsList.swift; sourceTree = "<group>"; };
		D1A352F12B013F8600A72AB5 /* AuthenticationHandler.swift */ = {isa = PBXFileReference; lastKnownFileType = sourcecode.swift; path = AuthenticationHandler.swift; sourceTree = "<group>"; };
		D1C414582B00773600D4AA26 /* GoogleService-Info.plist */ = {isa = PBXFileReference; fileEncoding = 4; lastKnownFileType = text.plist.xml; path = "GoogleService-Info.plist"; sourceTree = "<group>"; };
		D1C414642B007B7200D4AA26 /* LoginView.swift */ = {isa = PBXFileReference; lastKnownFileType = sourcecode.swift; path = LoginView.swift; sourceTree = "<group>"; };
		D1C414672B007E4700D4AA26 /* RoundedGroupTextFieldStyle.swift */ = {isa = PBXFileReference; lastKnownFileType = sourcecode.swift; path = RoundedGroupTextFieldStyle.swift; sourceTree = "<group>"; };
		D1CA6E6C2AF8024800D73C09 /* ActionReponse.swift */ = {isa = PBXFileReference; lastKnownFileType = sourcecode.swift; path = ActionReponse.swift; sourceTree = "<group>"; };
		D1CA6E782AF806C100D73C09 /* SalesTrackerTests.xctest */ = {isa = PBXFileReference; explicitFileType = wrapper.cfbundle; includeInIndex = 0; path = SalesTrackerTests.xctest; sourceTree = BUILT_PRODUCTS_DIR; };
		D1CA6E7A2AF806C100D73C09 /* SalesTrackerTests.swift */ = {isa = PBXFileReference; lastKnownFileType = sourcecode.swift; path = SalesTrackerTests.swift; sourceTree = "<group>"; };
		D1FC646C2B058FF300A20757 /* AuthenticationFields.swift */ = {isa = PBXFileReference; lastKnownFileType = sourcecode.swift; path = AuthenticationFields.swift; sourceTree = "<group>"; };
/* End PBXFileReference section */

/* Begin PBXFrameworksBuildPhase section */
		D11A8D6B2AF425E500FB4F02 /* Frameworks */ = {
			isa = PBXFrameworksBuildPhase;
			buildActionMask = 2147483647;
			files = (
				D1C4145C2B00789500D4AA26 /* FirebaseAuth in Frameworks */,
				D1C414622B00789500D4AA26 /* FirebaseStorage in Frameworks */,
				D1C4145E2B00789500D4AA26 /* FirebaseFirestore in Frameworks */,
				D1C414602B00789500D4AA26 /* FirebaseFirestoreSwift in Frameworks */,
			);
			runOnlyForDeploymentPostprocessing = 0;
		};
		D1CA6E752AF806C100D73C09 /* Frameworks */ = {
			isa = PBXFrameworksBuildPhase;
			buildActionMask = 2147483647;
			files = (
			);
			runOnlyForDeploymentPostprocessing = 0;
		};
/* End PBXFrameworksBuildPhase section */

/* Begin PBXGroup section */
		D11A8D652AF425E500FB4F02 = {
			isa = PBXGroup;
			children = (
				D11A8D702AF425E500FB4F02 /* SalesTracker */,
				D1C414582B00773600D4AA26 /* GoogleService-Info.plist */,
				D1CA6E792AF806C100D73C09 /* SalesTrackerTests */,
				D11A8D6F2AF425E500FB4F02 /* Products */,
			);
			sourceTree = "<group>";
		};
		D11A8D6F2AF425E500FB4F02 /* Products */ = {
			isa = PBXGroup;
			children = (
				D11A8D6E2AF425E500FB4F02 /* SalesTracker.app */,
				D1CA6E782AF806C100D73C09 /* SalesTrackerTests.xctest */,
			);
			name = Products;
			sourceTree = "<group>";
		};
		D11A8D702AF425E500FB4F02 /* SalesTracker */ = {
			isa = PBXGroup;
			children = (
				D11A8D712AF425E500FB4F02 /* SalesTrackerApp.swift */,
				D11A8D732AF425E500FB4F02 /* ContentView.swift */,
				D13C2A3A2AF919F700AB8E71 /* Localizations */,
				D11A8D7F2AF42AB500FB4F02 /* Model */,
				D11A8D802AF42ABE00FB4F02 /* View */,
				D1C414662B007DAD00D4AA26 /* Helper files */,
				D11A8D772AF425E700FB4F02 /* Preview Content */,
			);
			path = SalesTracker;
			sourceTree = "<group>";
		};
		D11A8D772AF425E700FB4F02 /* Preview Content */ = {
			isa = PBXGroup;
			children = (
				D11A8D782AF425E700FB4F02 /* Preview Assets.xcassets */,
			);
			path = "Preview Content";
			sourceTree = "<group>";
		};
		D11A8D7F2AF42AB500FB4F02 /* Model */ = {
			isa = PBXGroup;
			children = (
				D11A8D812AF42ADB00FB4F02 /* Product.swift */,
				D193A5632B06E9D600DBB665 /* AppNavigation.swift */,
				D1A2CD752AF6BB3A0061BDAE /* SampleProducts.swift */,
				D11A8D852AF4476E00FB4F02 /* SalesModel.swift */,
				D1CA6E6C2AF8024800D73C09 /* ActionReponse.swift */,
				D1A352F12B013F8600A72AB5 /* AuthenticationHandler.swift */,
				D174F4AC2B0B27E00010CAE9 /* EmailValidator.swift */,
			);
			path = Model;
			sourceTree = "<group>";
		};
		D11A8D802AF42ABE00FB4F02 /* View */ = {
			isa = PBXGroup;
			children = (
				D1C414632B007B5F00D4AA26 /* Authentication */,
				D1799A762B0ADEE6004BF6CA /* Navigation */,
				D11A8D872AF4504000FB4F02 /* ProductManagement */,
			);
			path = View;
			sourceTree = "<group>";
		};
		D11A8D872AF4504000FB4F02 /* ProductManagement */ = {
			isa = PBXGroup;
			children = (
				D11A8D832AF4470F00FB4F02 /* NewProductView.swift */,
				D13406532AF9CB8C00088132 /* RatingVisualizer.swift */,
				D11A8D882AF4507700FB4F02 /* ColorPicker.swift */,
				D1610EA32AF7494500C99235 /* assets.xcassets */,
				D1A2CD772AF6BBC20061BDAE /* ProductsList.swift */,
				D13406512AF9C60C00088132 /* ProductDetailView.swift */,
			);
			path = ProductManagement;
			sourceTree = "<group>";
		};
		D13C2A3A2AF919F700AB8E71 /* Localizations */ = {
			isa = PBXGroup;
			children = (
				D13C2A3F2AF91A2300AB8E71 /* Localizable.strings */,
			);
			path = Localizations;
			sourceTree = "<group>";
		};
		D1799A762B0ADEE6004BF6CA /* Navigation */ = {
			isa = PBXGroup;
			children = (
				D1799A792B0AE13F004BF6CA /* AccountTab.swift */,
				D18F50D32B0AE86200612686 /* LoginTab.swift */,
				D1799A772B0ADF4D004BF6CA /* ProductsTab.swift */,
			);
			path = Navigation;
			sourceTree = "<group>";
		};
		D1C414632B007B5F00D4AA26 /* Authentication */ = {
			isa = PBXGroup;
			children = (
				D1C414642B007B7200D4AA26 /* LoginView.swift */,
				D1FC646C2B058FF300A20757 /* AuthenticationFields.swift */,
				D1799A7B2B0AE154004BF6CA /* AccountManager.swift */,
			);
			path = Authentication;
			sourceTree = "<group>";
		};
		D1C414662B007DAD00D4AA26 /* Helper files */ = {
			isa = PBXGroup;
			children = (
				D1C414672B007E4700D4AA26 /* RoundedGroupTextFieldStyle.swift */,
			);
			path = "Helper files";
			sourceTree = "<group>";
		};
		D1CA6E792AF806C100D73C09 /* SalesTrackerTests */ = {
			isa = PBXGroup;
			children = (
				D1CA6E7A2AF806C100D73C09 /* SalesTrackerTests.swift */,
				D174F4AA2B0B27BF0010CAE9 /* EmailValidationTests.swift */,
			);
			path = SalesTrackerTests;
			sourceTree = "<group>";
		};
/* End PBXGroup section */

/* Begin PBXNativeTarget section */
		D11A8D6D2AF425E500FB4F02 /* SalesTracker */ = {
			isa = PBXNativeTarget;
			buildConfigurationList = D11A8D7C2AF425E700FB4F02 /* Build configuration list for PBXNativeTarget "SalesTracker" */;
			buildPhases = (
				D11A8D6A2AF425E500FB4F02 /* Sources */,
				D11A8D6B2AF425E500FB4F02 /* Frameworks */,
				D11A8D6C2AF425E500FB4F02 /* Resources */,
			);
			buildRules = (
			);
			dependencies = (
			);
			name = SalesTracker;
			packageProductDependencies = (
				D1C4145B2B00789500D4AA26 /* FirebaseAuth */,
				D1C4145D2B00789500D4AA26 /* FirebaseFirestore */,
				D1C4145F2B00789500D4AA26 /* FirebaseFirestoreSwift */,
				D1C414612B00789500D4AA26 /* FirebaseStorage */,
			);
			productName = SalesTracker;
			productReference = D11A8D6E2AF425E500FB4F02 /* SalesTracker.app */;
			productType = "com.apple.product-type.application";
		};
		D1CA6E772AF806C100D73C09 /* SalesTrackerTests */ = {
			isa = PBXNativeTarget;
			buildConfigurationList = D1CA6E7E2AF806C100D73C09 /* Build configuration list for PBXNativeTarget "SalesTrackerTests" */;
			buildPhases = (
				D1CA6E742AF806C100D73C09 /* Sources */,
				D1CA6E752AF806C100D73C09 /* Frameworks */,
				D1CA6E762AF806C100D73C09 /* Resources */,
			);
			buildRules = (
			);
			dependencies = (
				D1CA6E7D2AF806C100D73C09 /* PBXTargetDependency */,
			);
			name = SalesTrackerTests;
			productName = SalesTrackerTests;
			productReference = D1CA6E782AF806C100D73C09 /* SalesTrackerTests.xctest */;
			productType = "com.apple.product-type.bundle.unit-test";
		};
/* End PBXNativeTarget section */

/* Begin PBXProject section */
		D11A8D662AF425E500FB4F02 /* Project object */ = {
			isa = PBXProject;
			attributes = {
				BuildIndependentTargetsInParallel = 1;
				LastSwiftUpdateCheck = 1500;
				LastUpgradeCheck = 1500;
				TargetAttributes = {
					D11A8D6D2AF425E500FB4F02 = {
						CreatedOnToolsVersion = 15.0.1;
					};
					D1CA6E772AF806C100D73C09 = {
						CreatedOnToolsVersion = 15.0.1;
						TestTargetID = D11A8D6D2AF425E500FB4F02;
					};
				};
			};
			buildConfigurationList = D11A8D692AF425E500FB4F02 /* Build configuration list for PBXProject "SalesTracker" */;
			compatibilityVersion = "Xcode 14.0";
			developmentRegion = en;
			hasScannedForEncodings = 0;
			knownRegions = (
				en,
				Base,
				es,
			);
			mainGroup = D11A8D652AF425E500FB4F02;
			packageReferences = (
				D1C4145A2B00789500D4AA26 /* XCRemoteSwiftPackageReference "firebase-ios-sdk" */,
			);
			productRefGroup = D11A8D6F2AF425E500FB4F02 /* Products */;
			projectDirPath = "";
			projectRoot = "";
			targets = (
				D11A8D6D2AF425E500FB4F02 /* SalesTracker */,
				D1CA6E772AF806C100D73C09 /* SalesTrackerTests */,
			);
		};
/* End PBXProject section */

/* Begin PBXResourcesBuildPhase section */
		D11A8D6C2AF425E500FB4F02 /* Resources */ = {
			isa = PBXResourcesBuildPhase;
			buildActionMask = 2147483647;
			files = (
				D1610EA42AF7494500C99235 /* assets.xcassets in Resources */,
				D1C414592B00773600D4AA26 /* GoogleService-Info.plist in Resources */,
				D13C2A3D2AF91A2300AB8E71 /* Localizable.strings in Resources */,
				D11A8D792AF425E700FB4F02 /* Preview Assets.xcassets in Resources */,
			);
			runOnlyForDeploymentPostprocessing = 0;
		};
		D1CA6E762AF806C100D73C09 /* Resources */ = {
			isa = PBXResourcesBuildPhase;
			buildActionMask = 2147483647;
			files = (
			);
			runOnlyForDeploymentPostprocessing = 0;
		};
/* End PBXResourcesBuildPhase section */

/* Begin PBXSourcesBuildPhase section */
		D11A8D6A2AF425E500FB4F02 /* Sources */ = {
			isa = PBXSourcesBuildPhase;
			buildActionMask = 2147483647;
			files = (
				D11A8D862AF4476E00FB4F02 /* SalesModel.swift in Sources */,
				D1799A7A2B0AE13F004BF6CA /* AccountTab.swift in Sources */,
				D13406522AF9C60C00088132 /* ProductDetailView.swift in Sources */,
				D11A8D742AF425E500FB4F02 /* ContentView.swift in Sources */,
				D11A8D892AF4507700FB4F02 /* ColorPicker.swift in Sources */,
				D18F50D42B0AE86200612686 /* LoginTab.swift in Sources */,
				D13406542AF9CB8C00088132 /* RatingVisualizer.swift in Sources */,
				D1A2CD762AF6BB3A0061BDAE /* SampleProducts.swift in Sources */,
				D174F4AD2B0B27E00010CAE9 /* EmailValidator.swift in Sources */,
				D1FC646D2B058FF300A20757 /* AuthenticationFields.swift in Sources */,
				D1C414652B007B7200D4AA26 /* LoginView.swift in Sources */,
				D11A8D842AF4470F00FB4F02 /* NewProductView.swift in Sources */,
				D1A352F22B013F8600A72AB5 /* AuthenticationHandler.swift in Sources */,
				D1A2CD782AF6BBC20061BDAE /* ProductsList.swift in Sources */,
				D1C414682B007E4700D4AA26 /* RoundedGroupTextFieldStyle.swift in Sources */,
				D11A8D722AF425E500FB4F02 /* SalesTrackerApp.swift in Sources */,
				D1799A7C2B0AE154004BF6CA /* AccountManager.swift in Sources */,
				D1CA6E6D2AF8024800D73C09 /* ActionReponse.swift in Sources */,
				D1799A782B0ADF4D004BF6CA /* ProductsTab.swift in Sources */,
				D11A8D822AF42ADB00FB4F02 /* Product.swift in Sources */,
				D193A5642B06E9D600DBB665 /* AppNavigation.swift in Sources */,
			);
			runOnlyForDeploymentPostprocessing = 0;
		};
		D1CA6E742AF806C100D73C09 /* Sources */ = {
			isa = PBXSourcesBuildPhase;
			buildActionMask = 2147483647;
			files = (
				D1CA6E7B2AF806C100D73C09 /* SalesTrackerTests.swift in Sources */,
				D174F4AB2B0B27BF0010CAE9 /* EmailValidationTests.swift in Sources */,
			);
			runOnlyForDeploymentPostprocessing = 0;
		};
/* End PBXSourcesBuildPhase section */

/* Begin PBXTargetDependency section */
		D1CA6E7D2AF806C100D73C09 /* PBXTargetDependency */ = {
			isa = PBXTargetDependency;
			target = D11A8D6D2AF425E500FB4F02 /* SalesTracker */;
			targetProxy = D1CA6E7C2AF806C100D73C09 /* PBXContainerItemProxy */;
		};
/* End PBXTargetDependency section */

/* Begin PBXVariantGroup section */
		D13C2A3F2AF91A2300AB8E71 /* Localizable.strings */ = {
			isa = PBXVariantGroup;
			children = (
				D13C2A3E2AF91A2300AB8E71 /* en */,
				D13C2A402AF91A4300AB8E71 /* es */,
			);
			name = Localizable.strings;
			sourceTree = "<group>";
		};
/* End PBXVariantGroup section */

/* Begin XCBuildConfiguration section */
		D11A8D7A2AF425E700FB4F02 /* Debug */ = {
			isa = XCBuildConfiguration;
			buildSettings = {
				ALWAYS_SEARCH_USER_PATHS = NO;
				ASSETCATALOG_COMPILER_GENERATE_SWIFT_ASSET_SYMBOL_EXTENSIONS = YES;
				CLANG_ANALYZER_LOCALIZABILITY_NONLOCALIZED = YES;
				CLANG_ANALYZER_NONNULL = YES;
				CLANG_ANALYZER_NUMBER_OBJECT_CONVERSION = YES_AGGRESSIVE;
				CLANG_CXX_LANGUAGE_STANDARD = "gnu++20";
				CLANG_ENABLE_MODULES = YES;
				CLANG_ENABLE_OBJC_ARC = YES;
				CLANG_ENABLE_OBJC_WEAK = YES;
				CLANG_WARN_BLOCK_CAPTURE_AUTORELEASING = YES;
				CLANG_WARN_BOOL_CONVERSION = YES;
				CLANG_WARN_COMMA = YES;
				CLANG_WARN_CONSTANT_CONVERSION = YES;
				CLANG_WARN_DEPRECATED_OBJC_IMPLEMENTATIONS = YES;
				CLANG_WARN_DIRECT_OBJC_ISA_USAGE = YES_ERROR;
				CLANG_WARN_DOCUMENTATION_COMMENTS = YES;
				CLANG_WARN_EMPTY_BODY = YES;
				CLANG_WARN_ENUM_CONVERSION = YES;
				CLANG_WARN_INFINITE_RECURSION = YES;
				CLANG_WARN_INT_CONVERSION = YES;
				CLANG_WARN_NON_LITERAL_NULL_CONVERSION = YES;
				CLANG_WARN_OBJC_IMPLICIT_RETAIN_SELF = YES;
				CLANG_WARN_OBJC_LITERAL_CONVERSION = YES;
				CLANG_WARN_OBJC_ROOT_CLASS = YES_ERROR;
				CLANG_WARN_QUOTED_INCLUDE_IN_FRAMEWORK_HEADER = YES;
				CLANG_WARN_RANGE_LOOP_ANALYSIS = YES;
				CLANG_WARN_STRICT_PROTOTYPES = YES;
				CLANG_WARN_SUSPICIOUS_MOVE = YES;
				CLANG_WARN_UNGUARDED_AVAILABILITY = YES_AGGRESSIVE;
				CLANG_WARN_UNREACHABLE_CODE = YES;
				CLANG_WARN__DUPLICATE_METHOD_MATCH = YES;
				COPY_PHASE_STRIP = NO;
				DEBUG_INFORMATION_FORMAT = dwarf;
				ENABLE_STRICT_OBJC_MSGSEND = YES;
				ENABLE_TESTABILITY = YES;
				ENABLE_USER_SCRIPT_SANDBOXING = YES;
				GCC_C_LANGUAGE_STANDARD = gnu17;
				GCC_DYNAMIC_NO_PIC = NO;
				GCC_NO_COMMON_BLOCKS = YES;
				GCC_OPTIMIZATION_LEVEL = 0;
				GCC_PREPROCESSOR_DEFINITIONS = (
					"DEBUG=1",
					"$(inherited)",
				);
				GCC_WARN_64_TO_32_BIT_CONVERSION = YES;
				GCC_WARN_ABOUT_RETURN_TYPE = YES_ERROR;
				GCC_WARN_UNDECLARED_SELECTOR = YES;
				GCC_WARN_UNINITIALIZED_AUTOS = YES_AGGRESSIVE;
				GCC_WARN_UNUSED_FUNCTION = YES;
				GCC_WARN_UNUSED_VARIABLE = YES;
				IPHONEOS_DEPLOYMENT_TARGET = 17.0;
				LOCALIZATION_PREFERS_STRING_CATALOGS = YES;
				MTL_ENABLE_DEBUG_INFO = INCLUDE_SOURCE;
				MTL_FAST_MATH = YES;
				ONLY_ACTIVE_ARCH = YES;
				SDKROOT = iphoneos;
				SWIFT_ACTIVE_COMPILATION_CONDITIONS = "DEBUG $(inherited)";
				SWIFT_OPTIMIZATION_LEVEL = "-Onone";
			};
			name = Debug;
		};
		D11A8D7B2AF425E700FB4F02 /* Release */ = {
			isa = XCBuildConfiguration;
			buildSettings = {
				ALWAYS_SEARCH_USER_PATHS = NO;
				ASSETCATALOG_COMPILER_GENERATE_SWIFT_ASSET_SYMBOL_EXTENSIONS = YES;
				CLANG_ANALYZER_LOCALIZABILITY_NONLOCALIZED = YES;
				CLANG_ANALYZER_NONNULL = YES;
				CLANG_ANALYZER_NUMBER_OBJECT_CONVERSION = YES_AGGRESSIVE;
				CLANG_CXX_LANGUAGE_STANDARD = "gnu++20";
				CLANG_ENABLE_MODULES = YES;
				CLANG_ENABLE_OBJC_ARC = YES;
				CLANG_ENABLE_OBJC_WEAK = YES;
				CLANG_WARN_BLOCK_CAPTURE_AUTORELEASING = YES;
				CLANG_WARN_BOOL_CONVERSION = YES;
				CLANG_WARN_COMMA = YES;
				CLANG_WARN_CONSTANT_CONVERSION = YES;
				CLANG_WARN_DEPRECATED_OBJC_IMPLEMENTATIONS = YES;
				CLANG_WARN_DIRECT_OBJC_ISA_USAGE = YES_ERROR;
				CLANG_WARN_DOCUMENTATION_COMMENTS = YES;
				CLANG_WARN_EMPTY_BODY = YES;
				CLANG_WARN_ENUM_CONVERSION = YES;
				CLANG_WARN_INFINITE_RECURSION = YES;
				CLANG_WARN_INT_CONVERSION = YES;
				CLANG_WARN_NON_LITERAL_NULL_CONVERSION = YES;
				CLANG_WARN_OBJC_IMPLICIT_RETAIN_SELF = YES;
				CLANG_WARN_OBJC_LITERAL_CONVERSION = YES;
				CLANG_WARN_OBJC_ROOT_CLASS = YES_ERROR;
				CLANG_WARN_QUOTED_INCLUDE_IN_FRAMEWORK_HEADER = YES;
				CLANG_WARN_RANGE_LOOP_ANALYSIS = YES;
				CLANG_WARN_STRICT_PROTOTYPES = YES;
				CLANG_WARN_SUSPICIOUS_MOVE = YES;
				CLANG_WARN_UNGUARDED_AVAILABILITY = YES_AGGRESSIVE;
				CLANG_WARN_UNREACHABLE_CODE = YES;
				CLANG_WARN__DUPLICATE_METHOD_MATCH = YES;
				COPY_PHASE_STRIP = NO;
				DEBUG_INFORMATION_FORMAT = "dwarf-with-dsym";
				ENABLE_NS_ASSERTIONS = NO;
				ENABLE_STRICT_OBJC_MSGSEND = YES;
				ENABLE_USER_SCRIPT_SANDBOXING = YES;
				GCC_C_LANGUAGE_STANDARD = gnu17;
				GCC_NO_COMMON_BLOCKS = YES;
				GCC_WARN_64_TO_32_BIT_CONVERSION = YES;
				GCC_WARN_ABOUT_RETURN_TYPE = YES_ERROR;
				GCC_WARN_UNDECLARED_SELECTOR = YES;
				GCC_WARN_UNINITIALIZED_AUTOS = YES_AGGRESSIVE;
				GCC_WARN_UNUSED_FUNCTION = YES;
				GCC_WARN_UNUSED_VARIABLE = YES;
				IPHONEOS_DEPLOYMENT_TARGET = 17.0;
				LOCALIZATION_PREFERS_STRING_CATALOGS = YES;
				MTL_ENABLE_DEBUG_INFO = NO;
				MTL_FAST_MATH = YES;
				SDKROOT = iphoneos;
				SWIFT_COMPILATION_MODE = wholemodule;
				VALIDATE_PRODUCT = YES;
			};
			name = Release;
		};
		D11A8D7D2AF425E700FB4F02 /* Debug */ = {
			isa = XCBuildConfiguration;
			buildSettings = {
				ASSETCATALOG_COMPILER_APPICON_NAME = AppIcon;
				ASSETCATALOG_COMPILER_GLOBAL_ACCENT_COLOR_NAME = AccentColor;
				CODE_SIGN_STYLE = Automatic;
				CURRENT_PROJECT_VERSION = 1;
				DEVELOPMENT_ASSET_PATHS = "\"SalesTracker/Preview Content\"";
				DEVELOPMENT_TEAM = GRQM76566V;
				ENABLE_PREVIEWS = YES;
				GENERATE_INFOPLIST_FILE = YES;
				INFOPLIST_FILE = SalesTracker/Info.plist;
				INFOPLIST_KEY_UIApplicationSceneManifest_Generation = YES;
				INFOPLIST_KEY_UIApplicationSupportsIndirectInputEvents = YES;
				INFOPLIST_KEY_UILaunchScreen_Generation = YES;
				INFOPLIST_KEY_UISupportedInterfaceOrientations_iPad = "UIInterfaceOrientationPortrait UIInterfaceOrientationPortraitUpsideDown UIInterfaceOrientationLandscapeLeft UIInterfaceOrientationLandscapeRight";
				INFOPLIST_KEY_UISupportedInterfaceOrientations_iPhone = "UIInterfaceOrientationPortrait UIInterfaceOrientationLandscapeLeft UIInterfaceOrientationLandscapeRight";
				LD_RUNPATH_SEARCH_PATHS = (
					"$(inherited)",
					"@executable_path/Frameworks",
				);
				MARKETING_VERSION = 1.0;
				PRODUCT_BUNDLE_IDENTIFIER = com.BernardoSantiagoMarin.SalesTracker;
				PRODUCT_NAME = "$(TARGET_NAME)";
				SWIFT_EMIT_LOC_STRINGS = YES;
				SWIFT_VERSION = 5.0;
				TARGETED_DEVICE_FAMILY = "1,2";
			};
			name = Debug;
		};
		D11A8D7E2AF425E700FB4F02 /* Release */ = {
			isa = XCBuildConfiguration;
			buildSettings = {
				ASSETCATALOG_COMPILER_APPICON_NAME = AppIcon;
				ASSETCATALOG_COMPILER_GLOBAL_ACCENT_COLOR_NAME = AccentColor;
				CODE_SIGN_STYLE = Automatic;
				CURRENT_PROJECT_VERSION = 1;
				DEVELOPMENT_ASSET_PATHS = "\"SalesTracker/Preview Content\"";
				DEVELOPMENT_TEAM = GRQM76566V;
				ENABLE_PREVIEWS = YES;
				GENERATE_INFOPLIST_FILE = YES;
				INFOPLIST_FILE = SalesTracker/Info.plist;
				INFOPLIST_KEY_UIApplicationSceneManifest_Generation = YES;
				INFOPLIST_KEY_UIApplicationSupportsIndirectInputEvents = YES;
				INFOPLIST_KEY_UILaunchScreen_Generation = YES;
				INFOPLIST_KEY_UISupportedInterfaceOrientations_iPad = "UIInterfaceOrientationPortrait UIInterfaceOrientationPortraitUpsideDown UIInterfaceOrientationLandscapeLeft UIInterfaceOrientationLandscapeRight";
				INFOPLIST_KEY_UISupportedInterfaceOrientations_iPhone = "UIInterfaceOrientationPortrait UIInterfaceOrientationLandscapeLeft UIInterfaceOrientationLandscapeRight";
				LD_RUNPATH_SEARCH_PATHS = (
					"$(inherited)",
					"@executable_path/Frameworks",
				);
				MARKETING_VERSION = 1.0;
				PRODUCT_BUNDLE_IDENTIFIER = com.BernardoSantiagoMarin.SalesTracker;
				PRODUCT_NAME = "$(TARGET_NAME)";
				SWIFT_EMIT_LOC_STRINGS = YES;
				SWIFT_VERSION = 5.0;
				TARGETED_DEVICE_FAMILY = "1,2";
			};
			name = Release;
		};
		D1CA6E7F2AF806C100D73C09 /* Debug */ = {
			isa = XCBuildConfiguration;
			buildSettings = {
				BUNDLE_LOADER = "$(TEST_HOST)";
				CODE_SIGN_STYLE = Automatic;
				CURRENT_PROJECT_VERSION = 1;
				DEVELOPMENT_TEAM = GRQM76566V;
				GENERATE_INFOPLIST_FILE = YES;
				MARKETING_VERSION = 1.0;
				PRODUCT_BUNDLE_IDENTIFIER = com.BernardoSantiagoMarin.SalesTrackerTests;
				PRODUCT_NAME = "$(TARGET_NAME)";
				SWIFT_EMIT_LOC_STRINGS = NO;
				SWIFT_VERSION = 5.0;
				TARGETED_DEVICE_FAMILY = "1,2";
				TEST_HOST = "$(BUILT_PRODUCTS_DIR)/SalesTracker.app/$(BUNDLE_EXECUTABLE_FOLDER_PATH)/SalesTracker";
			};
			name = Debug;
		};
		D1CA6E802AF806C100D73C09 /* Release */ = {
			isa = XCBuildConfiguration;
			buildSettings = {
				BUNDLE_LOADER = "$(TEST_HOST)";
				CODE_SIGN_STYLE = Automatic;
				CURRENT_PROJECT_VERSION = 1;
				DEVELOPMENT_TEAM = GRQM76566V;
				GENERATE_INFOPLIST_FILE = YES;
				MARKETING_VERSION = 1.0;
				PRODUCT_BUNDLE_IDENTIFIER = com.BernardoSantiagoMarin.SalesTrackerTests;
				PRODUCT_NAME = "$(TARGET_NAME)";
				SWIFT_EMIT_LOC_STRINGS = NO;
				SWIFT_VERSION = 5.0;
				TARGETED_DEVICE_FAMILY = "1,2";
				TEST_HOST = "$(BUILT_PRODUCTS_DIR)/SalesTracker.app/$(BUNDLE_EXECUTABLE_FOLDER_PATH)/SalesTracker";
			};
			name = Release;
		};
/* End XCBuildConfiguration section */

/* Begin XCConfigurationList section */
		D11A8D692AF425E500FB4F02 /* Build configuration list for PBXProject "SalesTracker" */ = {
			isa = XCConfigurationList;
			buildConfigurations = (
				D11A8D7A2AF425E700FB4F02 /* Debug */,
				D11A8D7B2AF425E700FB4F02 /* Release */,
			);
			defaultConfigurationIsVisible = 0;
			defaultConfigurationName = Release;
		};
		D11A8D7C2AF425E700FB4F02 /* Build configuration list for PBXNativeTarget "SalesTracker" */ = {
			isa = XCConfigurationList;
			buildConfigurations = (
				D11A8D7D2AF425E700FB4F02 /* Debug */,
				D11A8D7E2AF425E700FB4F02 /* Release */,
			);
			defaultConfigurationIsVisible = 0;
			defaultConfigurationName = Release;
		};
		D1CA6E7E2AF806C100D73C09 /* Build configuration list for PBXNativeTarget "SalesTrackerTests" */ = {
			isa = XCConfigurationList;
			buildConfigurations = (
				D1CA6E7F2AF806C100D73C09 /* Debug */,
				D1CA6E802AF806C100D73C09 /* Release */,
			);
			defaultConfigurationIsVisible = 0;
			defaultConfigurationName = Release;
		};
/* End XCConfigurationList section */

/* Begin XCRemoteSwiftPackageReference section */
		D1C4145A2B00789500D4AA26 /* XCRemoteSwiftPackageReference "firebase-ios-sdk" */ = {
			isa = XCRemoteSwiftPackageReference;
			repositoryURL = "https://github.com/firebase/firebase-ios-sdk";
			requirement = {
				kind = upToNextMajorVersion;
				minimumVersion = 10.17.0;
			};
		};
/* End XCRemoteSwiftPackageReference section */

/* Begin XCSwiftPackageProductDependency section */
		D1C4145B2B00789500D4AA26 /* FirebaseAuth */ = {
			isa = XCSwiftPackageProductDependency;
			package = D1C4145A2B00789500D4AA26 /* XCRemoteSwiftPackageReference "firebase-ios-sdk" */;
			productName = FirebaseAuth;
		};
		D1C4145D2B00789500D4AA26 /* FirebaseFirestore */ = {
			isa = XCSwiftPackageProductDependency;
			package = D1C4145A2B00789500D4AA26 /* XCRemoteSwiftPackageReference "firebase-ios-sdk" */;
			productName = FirebaseFirestore;
		};
		D1C4145F2B00789500D4AA26 /* FirebaseFirestoreSwift */ = {
			isa = XCSwiftPackageProductDependency;
			package = D1C4145A2B00789500D4AA26 /* XCRemoteSwiftPackageReference "firebase-ios-sdk" */;
			productName = FirebaseFirestoreSwift;
		};
		D1C414612B00789500D4AA26 /* FirebaseStorage */ = {
			isa = XCSwiftPackageProductDependency;
			package = D1C4145A2B00789500D4AA26 /* XCRemoteSwiftPackageReference "firebase-ios-sdk" */;
			productName = FirebaseStorage;
		};
/* End XCSwiftPackageProductDependency section */
	};
	rootObject = D11A8D662AF425E500FB4F02 /* Project object */;
}
